// !$*UTF8*$!
{
	archiveVersion = 1;
	classes = {
	};
	objectVersion = 46;
	objects = {

/* Begin PBXBuildFile section */
		1205ADCE1D59929A00E19449 /* SatelliteBroadbandSettingsViewController.swift in Sources */ = {isa = PBXBuildFile; fileRef = 1205ADCD1D59929A00E19449 /* SatelliteBroadbandSettingsViewController.swift */; };
		12061A361D80F35F002C986D /* MainGroupViewController.swift in Sources */ = {isa = PBXBuildFile; fileRef = 12061A341D80F35F002C986D /* MainGroupViewController.swift */; };
		12061A391D811978002C986D /* CellularNetworkModeViewController.swift in Sources */ = {isa = PBXBuildFile; fileRef = 12061A381D811978002C986D /* CellularNetworkModeViewController.swift */; };
		12061A3B1D81269B002C986D /* SAPAViewContoller.swift in Sources */ = {isa = PBXBuildFile; fileRef = 12061A3A1D81269B002C986D /* SAPAViewContoller.swift */; };
		12061A3E1D81495D002C986D /* BroadbandDataMode.swift in Sources */ = {isa = PBXBuildFile; fileRef = 12061A3D1D81495D002C986D /* BroadbandDataMode.swift */; };
		120795ED1D7F916B000DD9A5 /* Utilities.swift in Sources */ = {isa = PBXBuildFile; fileRef = 120795EC1D7F916B000DD9A5 /* Utilities.swift */; };
		120D05431D594985003E9D12 /* SatelliteBroadbandData.swift in Sources */ = {isa = PBXBuildFile; fileRef = 120D05421D594985003E9D12 /* SatelliteBroadbandData.swift */; };
		1214A2331D473EF30090A5BD /* SliderCell.swift in Sources */ = {isa = PBXBuildFile; fileRef = 1214A2321D473EF30090A5BD /* SliderCell.swift */; };
		1214A2361D482B340090A5BD /* APIFunction.swift in Sources */ = {isa = PBXBuildFile; fileRef = 1214A2351D482B340090A5BD /* APIFunction.swift */; };
		1214A2381D482CE40090A5BD /* GetVersionFunction.swift in Sources */ = {isa = PBXBuildFile; fileRef = 1214A2371D482CE40090A5BD /* GetVersionFunction.swift */; };
		1214A23A1D483D600090A5BD /* DataModel.swift in Sources */ = {isa = PBXBuildFile; fileRef = 1214A2391D483D600090A5BD /* DataModel.swift */; };
		1214A23D1D483F010090A5BD /* APINotification.swift in Sources */ = {isa = PBXBuildFile; fileRef = 1214A23C1D483F010090A5BD /* APINotification.swift */; };
		1214A23F1D4840910090A5BD /* SystemAlerts.swift in Sources */ = {isa = PBXBuildFile; fileRef = 1214A23E1D4840910090A5BD /* SystemAlerts.swift */; };
		1214A2421D4844EE0090A5BD /* NetworkmodeFunction.swift in Sources */ = {isa = PBXBuildFile; fileRef = 1214A2411D4844EE0090A5BD /* NetworkmodeFunction.swift */; };
		1214A2481D48499E0090A5BD /* AccessRestricitions.swift in Sources */ = {isa = PBXBuildFile; fileRef = 1214A2471D48499E0090A5BD /* AccessRestricitions.swift */; };
		1214A24B1D484E990090A5BD /* NetworkRegistrationStatus.swift in Sources */ = {isa = PBXBuildFile; fileRef = 1214A24A1D484E990090A5BD /* NetworkRegistrationStatus.swift */; };
		1214A24E1D4851A80090A5BD /* SignalStrength.swift in Sources */ = {isa = PBXBuildFile; fileRef = 1214A24D1D4851A80090A5BD /* SignalStrength.swift */; };
		1214A2501D4853740090A5BD /* ServiceProvider.swift in Sources */ = {isa = PBXBuildFile; fileRef = 1214A24F1D4853740090A5BD /* ServiceProvider.swift */; };
		1214A2541D4855AA0090A5BD /* BatteryStatus.swift in Sources */ = {isa = PBXBuildFile; fileRef = 1214A2531D4855AA0090A5BD /* BatteryStatus.swift */; };
		1214A2571D4871430090A5BD /* VersionViewController.swift in Sources */ = {isa = PBXBuildFile; fileRef = 1214A2561D4871430090A5BD /* VersionViewController.swift */; };
		1214A25A1D4871600090A5BD /* NetworkSelectionViewController.swift in Sources */ = {isa = PBXBuildFile; fileRef = 1214A2581D4871600090A5BD /* NetworkSelectionViewController.swift */; };
		1214A25F1D488F970090A5BD /* RestrictedAccessViewController.swift in Sources */ = {isa = PBXBuildFile; fileRef = 1214A25D1D488F970090A5BD /* RestrictedAccessViewController.swift */; };
		1214A2631D49721B0090A5BD /* SignalStrengthViewController.swift in Sources */ = {isa = PBXBuildFile; fileRef = 1214A2611D49721B0090A5BD /* SignalStrengthViewController.swift */; };
		1214A2661D4978D40090A5BD /* NetworkRegistrationViewController.swift in Sources */ = {isa = PBXBuildFile; fileRef = 1214A2651D4978D40090A5BD /* NetworkRegistrationViewController.swift */; };
		1214A2681D497DDD0090A5BD /* BatteryStatusViewController.swift in Sources */ = {isa = PBXBuildFile; fileRef = 1214A2671D497DDD0090A5BD /* BatteryStatusViewController.swift */; };
		1214A26A1D498BC90090A5BD /* ServiceProviderViewController.swift in Sources */ = {isa = PBXBuildFile; fileRef = 1214A2691D498BC90090A5BD /* ServiceProviderViewController.swift */; };
		121FDFEB1DB5DCFA00DC81E2 /* PromiseKit.framework in Frameworks */ = {isa = PBXBuildFile; fileRef = 121FDFEA1DB5DCFA00DC81E2 /* PromiseKit.framework */; };
		121FDFEC1DB5DCFA00DC81E2 /* PromiseKit.framework in Embed Frameworks */ = {isa = PBXBuildFile; fileRef = 121FDFEA1DB5DCFA00DC81E2 /* PromiseKit.framework */; settings = {ATTRIBUTES = (CodeSignOnCopy, RemoveHeadersOnCopy, ); }; };
		121FDFEE1DB5DD1A00DC81E2 /* PromiseSupport.swift in Sources */ = {isa = PBXBuildFile; fileRef = 121FDFED1DB5DD1A00DC81E2 /* PromiseSupport.swift */; };
		122669651D826A2B00DE9149 /* BroadbandDataModeViewController.swift in Sources */ = {isa = PBXBuildFile; fileRef = 122669641D826A2B00DE9149 /* BroadbandDataModeViewController.swift */; };
		124405151D78FE41001826EC /* SAPAState.swift in Sources */ = {isa = PBXBuildFile; fileRef = 124405141D78FE41001826EC /* SAPAState.swift */; };
		124A9ED61D5D88DE00E4E964 /* GroupViewController.swift in Sources */ = {isa = PBXBuildFile; fileRef = 124A9ED41D5D88DE00E4E964 /* GroupViewController.swift */; };
		126014A71D92737400F02315 /* APISystemTemparture.swift in Sources */ = {isa = PBXBuildFile; fileRef = 126014A61D92737400F02315 /* APISystemTemparture.swift */; };
		12708A741D94F33200717175 /* APISMS.swift in Sources */ = {isa = PBXBuildFile; fileRef = 12708A731D94F33200717175 /* APISMS.swift */; };
		127669931DD3E1780045F8D4 /* AdminRestricitions.swift in Sources */ = {isa = PBXBuildFile; fileRef = 127669921DD3E1780045F8D4 /* AdminRestricitions.swift */; };
		128008331D51C24B00D10017 /* ServerViewController.swift in Sources */ = {isa = PBXBuildFile; fileRef = 128008321D51C24B00D10017 /* ServerViewController.swift */; };
		12A2635F1D5D98C70077CF48 /* SplitGroupViewController.swift in Sources */ = {isa = PBXBuildFile; fileRef = 12A2635E1D5D98C70077CF48 /* SplitGroupViewController.swift */; };
		12AA6C921D9CBDBA008C2E5D /* MessageManager.swift in Sources */ = {isa = PBXBuildFile; fileRef = 12AA6C911D9CBDBA008C2E5D /* MessageManager.swift */; };
		12AA6C961D9CBE79008C2E5D /* Messages.json in Resources */ = {isa = PBXBuildFile; fileRef = 12AA6C941D9CBE79008C2E5D /* Messages.json */; };
		12AA6C971D9CBE79008C2E5D /* PhoneNumbers.json in Resources */ = {isa = PBXBuildFile; fileRef = 12AA6C951D9CBE79008C2E5D /* PhoneNumbers.json */; };
		12AF47171D90C0D50081DF9A /* WifiConfiguration.swift in Sources */ = {isa = PBXBuildFile; fileRef = 12AF47161D90C0D50081DF9A /* WifiConfiguration.swift */; };
		12AF471A1D90C4CD0081DF9A /* WiFiConfigurationViewController.swift in Sources */ = {isa = PBXBuildFile; fileRef = 12AF47181D90C4CD0081DF9A /* WiFiConfigurationViewController.swift */; };
		12B064681D49E9E500637053 /* SatelliteServiceModeFunction.swift in Sources */ = {isa = PBXBuildFile; fileRef = 12B064671D49E9E500637053 /* SatelliteServiceModeFunction.swift */; };
		12B0646A1D4AC96A00637053 /* SatelliteServiceModeViewController.swift in Sources */ = {isa = PBXBuildFile; fileRef = 12B064691D4AC96A00637053 /* SatelliteServiceModeViewController.swift */; };
		12BA40C01D419DC400C0F512 /* AppDelegate.swift in Sources */ = {isa = PBXBuildFile; fileRef = 12BA40BF1D419DC400C0F512 /* AppDelegate.swift */; };
		12BA40C21D419DC400C0F512 /* ViewController.swift in Sources */ = {isa = PBXBuildFile; fileRef = 12BA40C11D419DC400C0F512 /* ViewController.swift */; };
		12BA40C41D419DC400C0F512 /* Assets.xcassets in Resources */ = {isa = PBXBuildFile; fileRef = 12BA40C31D419DC400C0F512 /* Assets.xcassets */; };
		12BA40C71D419DC400C0F512 /* Main.storyboard in Resources */ = {isa = PBXBuildFile; fileRef = 12BA40C51D419DC400C0F512 /* Main.storyboard */; };
		12BA40D11D41A09B00C0F512 /* Server.swift in Sources */ = {isa = PBXBuildFile; fileRef = 12BA40D01D41A09B00C0F512 /* Server.swift */; };
		12BA40D41D41A11A00C0F512 /* CocoaAsyncSocket.framework in Frameworks */ = {isa = PBXBuildFile; fileRef = 12BA40D21D41A11A00C0F512 /* CocoaAsyncSocket.framework */; };
		12BA40D51D41A11A00C0F512 /* CocoaAsyncSocket.framework in Embed Frameworks */ = {isa = PBXBuildFile; fileRef = 12BA40D21D41A11A00C0F512 /* CocoaAsyncSocket.framework */; settings = {ATTRIBUTES = (CodeSignOnCopy, RemoveHeadersOnCopy, ); }; };
		12BA40D61D41A11A00C0F512 /* SwiftyJSON.framework in Frameworks */ = {isa = PBXBuildFile; fileRef = 12BA40D31D41A11A00C0F512 /* SwiftyJSON.framework */; };
		12BA40D71D41A11A00C0F512 /* SwiftyJSON.framework in Embed Frameworks */ = {isa = PBXBuildFile; fileRef = 12BA40D31D41A11A00C0F512 /* SwiftyJSON.framework */; settings = {ATTRIBUTES = (CodeSignOnCopy, RemoveHeadersOnCopy, ); }; };
		12BA40DE1D41AE1D00C0F512 /* ProtocolUtilitiesExtension.swift in Sources */ = {isa = PBXBuildFile; fileRef = 12BA40DD1D41AE1D00C0F512 /* ProtocolUtilitiesExtension.swift */; };
		12BA40E61D41C76100C0F512 /* RequestHandlerRegistry.swift in Sources */ = {isa = PBXBuildFile; fileRef = 12BA40E51D41C76100C0F512 /* RequestHandlerRegistry.swift */; };
		3ED4A084B38F7F59449FF462 /* CallLogsManager.swift in Sources */ = {isa = PBXBuildFile; fileRef = 3ED4A18CA466E34204180172 /* CallLogsManager.swift */; };
		3ED4A0F12B40997328AA5A4B /* IPAddressConfiguration.swift in Sources */ = {isa = PBXBuildFile; fileRef = 3ED4A2E3AF8603E3A5F10239 /* IPAddressConfiguration.swift */; };
		3ED4A23ABB3091033DE74DEE /* HardwareDiagnosticFunction.swift in Sources */ = {isa = PBXBuildFile; fileRef = 3ED4A4F784CFC93DDEB17AAE /* HardwareDiagnosticFunction.swift */; };
		3ED4A32C34FEAD8647DFF3E7 /* SIMStatusFunction.swift in Sources */ = {isa = PBXBuildFile; fileRef = 3ED4AF83F1D3CDD8D14DE40B /* SIMStatusFunction.swift */; };
		3ED4A4F41A60FFD3E3A4BAE8 /* CellularNetworkRoamingFunction.swift in Sources */ = {isa = PBXBuildFile; fileRef = 3ED4A1ACFADAF0AA4FE1C3E1 /* CellularNetworkRoamingFunction.swift */; };
		3ED4A544E354E98E2463DEFC /* WiFIConnectionsFunction.swift in Sources */ = {isa = PBXBuildFile; fileRef = 3ED4A2000A64969103F06B7E /* WiFIConnectionsFunction.swift */; };
		3ED4A5ED4C6E4CBD42B3039F /* MACAddressFiltering.swift in Sources */ = {isa = PBXBuildFile; fileRef = 3ED4AF9642D71A1FE397F206 /* MACAddressFiltering.swift */; };
		3ED4A5EF6AA9ACA684F24D3B /* StringExtenions.swift in Sources */ = {isa = PBXBuildFile; fileRef = 3ED4A32676F2588078AEB407 /* StringExtenions.swift */; };
		3ED4A6C0739DC5406C149082 /* EmergencyNumberFunction.swift in Sources */ = {isa = PBXBuildFile; fileRef = 3ED4AE4BB6D1B3157E605F07 /* EmergencyNumberFunction.swift */; };
		3ED4A71F135CE77547BF7327 /* UnreadMessageCountFunction.swift in Sources */ = {isa = PBXBuildFile; fileRef = 3ED4A64B85EEF223A5F49EDD /* UnreadMessageCountFunction.swift */; };
		3ED4A7B3E25D30B9EF87B838 /* Firewall.swift in Sources */ = {isa = PBXBuildFile; fileRef = 3ED4AD2204952550AA61D12D /* Firewall.swift */; };
		3ED4A7D490104E13A7CA8063 /* PowerDownFunction.swift in Sources */ = {isa = PBXBuildFile; fileRef = 3ED4A11ECED0AED99FA06A65 /* PowerDownFunction.swift */; };
		3ED4A7F5FE9AF5BF6309B30E /* GNSSLocationInformation.swift in Sources */ = {isa = PBXBuildFile; fileRef = 3ED4AF14DDA9FF45166F5170 /* GNSSLocationInformation.swift */; };
		3ED4A95CA765FCC8C8397843 /* MissedCallCount.swift in Sources */ = {isa = PBXBuildFile; fileRef = 3ED4AEDDC6A50008E719F32E /* MissedCallCount.swift */; };
		3ED4A9F015BDDDE9021F8A84 /* APICallLogs.swift in Sources */ = {isa = PBXBuildFile; fileRef = 3ED4AD78D742E81E601B1D9A /* APICallLogs.swift */; };
		3ED4ABE8102CD6F8F721DD15 /* AudibleAlerts.swift in Sources */ = {isa = PBXBuildFile; fileRef = 3ED4AFF83731AB2F16BECF65 /* AudibleAlerts.swift */; };
		3ED4AD3E7A76D99DCAA55A9D /* DataUsage.swift in Sources */ = {isa = PBXBuildFile; fileRef = 3ED4AEAA70205158B1F08E36 /* DataUsage.swift */; };
		3ED4ADF1697115C11B91BF49 /* DMZ.swift in Sources */ = {isa = PBXBuildFile; fileRef = 3ED4A75FB738D728C11E7FA8 /* DMZ.swift */; };
		3ED4AE00D841163E75CC8B20 /* PortForwarding.swift in Sources */ = {isa = PBXBuildFile; fileRef = 3ED4A6764E8061A3C3735D75 /* PortForwarding.swift */; };
		3ED4AE1755F7EF666DBAF34B /* GNSSSettingsFunction.swift in Sources */ = {isa = PBXBuildFile; fileRef = 3ED4ABEA20710E5255DB9AD0 /* GNSSSettingsFunction.swift */; };
		3ED4AE700756F5A9075DED30 /* DateExtensions.swift in Sources */ = {isa = PBXBuildFile; fileRef = 3ED4ACA47171D2CA08877E8F /* DateExtensions.swift */; };
		3ED4AE8C04BD6F30DA9FCE08 /* CallStatusFunction.swift in Sources */ = {isa = PBXBuildFile; fileRef = 3ED4AB30B6B34E755BE7BDB6 /* CallStatusFunction.swift */; };
		3ED4AEBDB87C4CE086984006 /* QualityOfService.swift in Sources */ = {isa = PBXBuildFile; fileRef = 3ED4AE8AEF3B30C70B0B502B /* QualityOfService.swift */; };
		3ED4AEE13B94B7B2D7E8B39B /* POSTFunction.swift in Sources */ = {isa = PBXBuildFile; fileRef = 3ED4A1006ECA463F18B14944 /* POSTFunction.swift */; };
		702F55631D800F9700E4643F /* CellularNetworkMode.swift in Sources */ = {isa = PBXBuildFile; fileRef = 702F55621D800F9700E4643F /* CellularNetworkMode.swift */; };
		707CCA011D422AA6003D8292 /* CioffiAPI.framework in Frameworks */ = {isa = PBXBuildFile; fileRef = 707CCA001D422AA6003D8292 /* CioffiAPI.framework */; };
		707CCA021D422AA6003D8292 /* CioffiAPI.framework in Embed Frameworks */ = {isa = PBXBuildFile; fileRef = 707CCA001D422AA6003D8292 /* CioffiAPI.framework */; settings = {ATTRIBUTES = (CodeSignOnCopy, RemoveHeadersOnCopy, ); }; };
/* End PBXBuildFile section */

/* Begin PBXCopyFilesBuildPhase section */
		12BA40D81D41A11A00C0F512 /* Embed Frameworks */ = {
			isa = PBXCopyFilesBuildPhase;
			buildActionMask = 2147483647;
			dstPath = "";
			dstSubfolderSpec = 10;
			files = (
				707CCA021D422AA6003D8292 /* CioffiAPI.framework in Embed Frameworks */,
				12BA40D71D41A11A00C0F512 /* SwiftyJSON.framework in Embed Frameworks */,
				12BA40D51D41A11A00C0F512 /* CocoaAsyncSocket.framework in Embed Frameworks */,
				121FDFEC1DB5DCFA00DC81E2 /* PromiseKit.framework in Embed Frameworks */,
			);
			name = "Embed Frameworks";
			runOnlyForDeploymentPostprocessing = 0;
		};
/* End PBXCopyFilesBuildPhase section */

/* Begin PBXFileReference section */
		1205ADCD1D59929A00E19449 /* SatelliteBroadbandSettingsViewController.swift */ = {isa = PBXFileReference; fileEncoding = 4; lastKnownFileType = sourcecode.swift; path = SatelliteBroadbandSettingsViewController.swift; sourceTree = "<group>"; };
		12061A341D80F35F002C986D /* MainGroupViewController.swift */ = {isa = PBXFileReference; fileEncoding = 4; lastKnownFileType = sourcecode.swift; path = MainGroupViewController.swift; sourceTree = "<group>"; };
		12061A381D811978002C986D /* CellularNetworkModeViewController.swift */ = {isa = PBXFileReference; fileEncoding = 4; lastKnownFileType = sourcecode.swift; path = CellularNetworkModeViewController.swift; sourceTree = "<group>"; };
		12061A3A1D81269B002C986D /* SAPAViewContoller.swift */ = {isa = PBXFileReference; fileEncoding = 4; lastKnownFileType = sourcecode.swift; path = SAPAViewContoller.swift; sourceTree = "<group>"; };
		12061A3D1D81495D002C986D /* BroadbandDataMode.swift */ = {isa = PBXFileReference; fileEncoding = 4; lastKnownFileType = sourcecode.swift; name = BroadbandDataMode.swift; path = BroadbandData/BroadbandDataMode.swift; sourceTree = "<group>"; };
		120795EC1D7F916B000DD9A5 /* Utilities.swift */ = {isa = PBXFileReference; fileEncoding = 4; lastKnownFileType = sourcecode.swift; path = Utilities.swift; sourceTree = "<group>"; };
		120D05421D594985003E9D12 /* SatelliteBroadbandData.swift */ = {isa = PBXFileReference; fileEncoding = 4; lastKnownFileType = sourcecode.swift; name = SatelliteBroadbandData.swift; path = BroadbandData/SatelliteBroadbandData.swift; sourceTree = "<group>"; };
		1214A2321D473EF30090A5BD /* SliderCell.swift */ = {isa = PBXFileReference; fileEncoding = 4; lastKnownFileType = sourcecode.swift; path = SliderCell.swift; sourceTree = "<group>"; };
		1214A2351D482B340090A5BD /* APIFunction.swift */ = {isa = PBXFileReference; fileEncoding = 4; lastKnownFileType = sourcecode.swift; path = APIFunction.swift; sourceTree = "<group>"; };
		1214A2371D482CE40090A5BD /* GetVersionFunction.swift */ = {isa = PBXFileReference; fileEncoding = 4; lastKnownFileType = sourcecode.swift; name = GetVersionFunction.swift; path = GetVersion/GetVersionFunction.swift; sourceTree = "<group>"; };
		1214A2391D483D600090A5BD /* DataModel.swift */ = {isa = PBXFileReference; fileEncoding = 4; lastKnownFileType = sourcecode.swift; path = DataModel.swift; sourceTree = "<group>"; };
		1214A23C1D483F010090A5BD /* APINotification.swift */ = {isa = PBXFileReference; fileEncoding = 4; lastKnownFileType = sourcecode.swift; path = APINotification.swift; sourceTree = "<group>"; };
		1214A23E1D4840910090A5BD /* SystemAlerts.swift */ = {isa = PBXFileReference; fileEncoding = 4; lastKnownFileType = sourcecode.swift; name = SystemAlerts.swift; path = ShuttingDown/SystemAlerts.swift; sourceTree = "<group>"; };
		1214A2411D4844EE0090A5BD /* NetworkmodeFunction.swift */ = {isa = PBXFileReference; fileEncoding = 4; lastKnownFileType = sourcecode.swift; name = NetworkmodeFunction.swift; path = NetworkMode/NetworkmodeFunction.swift; sourceTree = "<group>"; };
		1214A2471D48499E0090A5BD /* AccessRestricitions.swift */ = {isa = PBXFileReference; fileEncoding = 4; lastKnownFileType = sourcecode.swift; name = AccessRestricitions.swift; path = AccessRestricitions/AccessRestricitions.swift; sourceTree = "<group>"; };
		1214A24A1D484E990090A5BD /* NetworkRegistrationStatus.swift */ = {isa = PBXFileReference; fileEncoding = 4; lastKnownFileType = sourcecode.swift; name = NetworkRegistrationStatus.swift; path = NetworkRegistrationStatus/NetworkRegistrationStatus.swift; sourceTree = "<group>"; };
		1214A24D1D4851A80090A5BD /* SignalStrength.swift */ = {isa = PBXFileReference; fileEncoding = 4; lastKnownFileType = sourcecode.swift; name = SignalStrength.swift; path = SignalStrength/SignalStrength.swift; sourceTree = "<group>"; };
		1214A24F1D4853740090A5BD /* ServiceProvider.swift */ = {isa = PBXFileReference; fileEncoding = 4; lastKnownFileType = sourcecode.swift; name = ServiceProvider.swift; path = ServiceProvider/ServiceProvider.swift; sourceTree = "<group>"; };
		1214A2531D4855AA0090A5BD /* BatteryStatus.swift */ = {isa = PBXFileReference; fileEncoding = 4; lastKnownFileType = sourcecode.swift; name = BatteryStatus.swift; path = BatteryStatus/BatteryStatus.swift; sourceTree = "<group>"; };
		1214A2561D4871430090A5BD /* VersionViewController.swift */ = {isa = PBXFileReference; fileEncoding = 4; lastKnownFileType = sourcecode.swift; path = VersionViewController.swift; sourceTree = "<group>"; };
		1214A2581D4871600090A5BD /* NetworkSelectionViewController.swift */ = {isa = PBXFileReference; fileEncoding = 4; lastKnownFileType = sourcecode.swift; path = NetworkSelectionViewController.swift; sourceTree = "<group>"; };
		1214A25D1D488F970090A5BD /* RestrictedAccessViewController.swift */ = {isa = PBXFileReference; fileEncoding = 4; lastKnownFileType = sourcecode.swift; path = RestrictedAccessViewController.swift; sourceTree = "<group>"; };
		1214A2611D49721B0090A5BD /* SignalStrengthViewController.swift */ = {isa = PBXFileReference; fileEncoding = 4; lastKnownFileType = sourcecode.swift; path = SignalStrengthViewController.swift; sourceTree = "<group>"; };
		1214A2651D4978D40090A5BD /* NetworkRegistrationViewController.swift */ = {isa = PBXFileReference; fileEncoding = 4; lastKnownFileType = sourcecode.swift; path = NetworkRegistrationViewController.swift; sourceTree = "<group>"; };
		1214A2671D497DDD0090A5BD /* BatteryStatusViewController.swift */ = {isa = PBXFileReference; fileEncoding = 4; lastKnownFileType = sourcecode.swift; path = BatteryStatusViewController.swift; sourceTree = "<group>"; };
		1214A2691D498BC90090A5BD /* ServiceProviderViewController.swift */ = {isa = PBXFileReference; fileEncoding = 4; lastKnownFileType = sourcecode.swift; path = ServiceProviderViewController.swift; sourceTree = "<group>"; };
		121FDFEA1DB5DCFA00DC81E2 /* PromiseKit.framework */ = {isa = PBXFileReference; lastKnownFileType = wrapper.framework; name = PromiseKit.framework; path = Carthage/Build/Mac/PromiseKit.framework; sourceTree = "<group>"; };
		121FDFED1DB5DD1A00DC81E2 /* PromiseSupport.swift */ = {isa = PBXFileReference; fileEncoding = 4; lastKnownFileType = sourcecode.swift; path = PromiseSupport.swift; sourceTree = "<group>"; };
		122669641D826A2B00DE9149 /* BroadbandDataModeViewController.swift */ = {isa = PBXFileReference; fileEncoding = 4; lastKnownFileType = sourcecode.swift; path = BroadbandDataModeViewController.swift; sourceTree = "<group>"; };
		124405141D78FE41001826EC /* SAPAState.swift */ = {isa = PBXFileReference; fileEncoding = 4; lastKnownFileType = sourcecode.swift; path = SAPAState.swift; sourceTree = "<group>"; };
		124A9ED41D5D88DE00E4E964 /* GroupViewController.swift */ = {isa = PBXFileReference; fileEncoding = 4; lastKnownFileType = sourcecode.swift; path = GroupViewController.swift; sourceTree = "<group>"; };
		126014A61D92737400F02315 /* APISystemTemparture.swift */ = {isa = PBXFileReference; fileEncoding = 4; lastKnownFileType = sourcecode.swift; name = APISystemTemparture.swift; path = SystemTemperature/APISystemTemparture.swift; sourceTree = "<group>"; };
		12708A731D94F33200717175 /* APISMS.swift */ = {isa = PBXFileReference; fileEncoding = 4; lastKnownFileType = sourcecode.swift; name = APISMS.swift; path = SMS/APISMS.swift; sourceTree = "<group>"; };
		127669921DD3E1780045F8D4 /* AdminRestricitions.swift */ = {isa = PBXFileReference; fileEncoding = 4; lastKnownFileType = sourcecode.swift; name = AdminRestricitions.swift; path = AccessRestricitions/AdminRestricitions.swift; sourceTree = "<group>"; };
		128008321D51C24B00D10017 /* ServerViewController.swift */ = {isa = PBXFileReference; fileEncoding = 4; lastKnownFileType = sourcecode.swift; path = ServerViewController.swift; sourceTree = "<group>"; };
		1286652D1D500D8B00F8F753 /* CioffiServer-Bridging-Header.h */ = {isa = PBXFileReference; lastKnownFileType = sourcecode.c.h; path = "CioffiServer-Bridging-Header.h"; sourceTree = "<group>"; };
		12A2635E1D5D98C70077CF48 /* SplitGroupViewController.swift */ = {isa = PBXFileReference; fileEncoding = 4; lastKnownFileType = sourcecode.swift; path = SplitGroupViewController.swift; sourceTree = "<group>"; };
		12AA6C911D9CBDBA008C2E5D /* MessageManager.swift */ = {isa = PBXFileReference; fileEncoding = 4; lastKnownFileType = sourcecode.swift; path = MessageManager.swift; sourceTree = "<group>"; };
		12AA6C941D9CBE79008C2E5D /* Messages.json */ = {isa = PBXFileReference; fileEncoding = 4; lastKnownFileType = text.json; path = Messages.json; sourceTree = "<group>"; };
		12AA6C951D9CBE79008C2E5D /* PhoneNumbers.json */ = {isa = PBXFileReference; fileEncoding = 4; lastKnownFileType = text.json; path = PhoneNumbers.json; sourceTree = "<group>"; };
		12AF47161D90C0D50081DF9A /* WifiConfiguration.swift */ = {isa = PBXFileReference; fileEncoding = 4; lastKnownFileType = sourcecode.swift; name = WifiConfiguration.swift; path = WifiConfiguration/WifiConfiguration.swift; sourceTree = "<group>"; };
		12AF47181D90C4CD0081DF9A /* WiFiConfigurationViewController.swift */ = {isa = PBXFileReference; fileEncoding = 4; lastKnownFileType = sourcecode.swift; path = WiFiConfigurationViewController.swift; sourceTree = "<group>"; };
		12B064671D49E9E500637053 /* SatelliteServiceModeFunction.swift */ = {isa = PBXFileReference; fileEncoding = 4; lastKnownFileType = sourcecode.swift; name = SatelliteServiceModeFunction.swift; path = SatelliteServiceMode/SatelliteServiceModeFunction.swift; sourceTree = "<group>"; };
		12B064691D4AC96A00637053 /* SatelliteServiceModeViewController.swift */ = {isa = PBXFileReference; fileEncoding = 4; lastKnownFileType = sourcecode.swift; path = SatelliteServiceModeViewController.swift; sourceTree = "<group>"; };
		12BA40BC1D419DC400C0F512 /* CioffiServer.app */ = {isa = PBXFileReference; explicitFileType = wrapper.application; includeInIndex = 0; path = CioffiServer.app; sourceTree = BUILT_PRODUCTS_DIR; };
		12BA40BF1D419DC400C0F512 /* AppDelegate.swift */ = {isa = PBXFileReference; lastKnownFileType = sourcecode.swift; path = AppDelegate.swift; sourceTree = "<group>"; };
		12BA40C11D419DC400C0F512 /* ViewController.swift */ = {isa = PBXFileReference; lastKnownFileType = sourcecode.swift; path = ViewController.swift; sourceTree = "<group>"; };
		12BA40C31D419DC400C0F512 /* Assets.xcassets */ = {isa = PBXFileReference; lastKnownFileType = folder.assetcatalog; path = Assets.xcassets; sourceTree = "<group>"; };
		12BA40C61D419DC400C0F512 /* Base */ = {isa = PBXFileReference; lastKnownFileType = file.storyboard; name = Base; path = Base.lproj/Main.storyboard; sourceTree = "<group>"; };
		12BA40C81D419DC400C0F512 /* Info.plist */ = {isa = PBXFileReference; lastKnownFileType = text.plist.xml; path = Info.plist; sourceTree = "<group>"; };
		12BA40D01D41A09B00C0F512 /* Server.swift */ = {isa = PBXFileReference; fileEncoding = 4; lastKnownFileType = sourcecode.swift; path = Server.swift; sourceTree = "<group>"; };
		12BA40D21D41A11A00C0F512 /* CocoaAsyncSocket.framework */ = {isa = PBXFileReference; lastKnownFileType = wrapper.framework; name = CocoaAsyncSocket.framework; path = Carthage/Build/Mac/CocoaAsyncSocket.framework; sourceTree = "<group>"; };
		12BA40D31D41A11A00C0F512 /* SwiftyJSON.framework */ = {isa = PBXFileReference; lastKnownFileType = wrapper.framework; name = SwiftyJSON.framework; path = Carthage/Build/Mac/SwiftyJSON.framework; sourceTree = "<group>"; };
		12BA40DD1D41AE1D00C0F512 /* ProtocolUtilitiesExtension.swift */ = {isa = PBXFileReference; fileEncoding = 4; lastKnownFileType = sourcecode.swift; path = ProtocolUtilitiesExtension.swift; sourceTree = "<group>"; };
		12BA40E51D41C76100C0F512 /* RequestHandlerRegistry.swift */ = {isa = PBXFileReference; fileEncoding = 4; lastKnownFileType = sourcecode.swift; path = RequestHandlerRegistry.swift; sourceTree = "<group>"; };
		3ED4A1006ECA463F18B14944 /* POSTFunction.swift */ = {isa = PBXFileReference; fileEncoding = 4; lastKnownFileType = sourcecode.swift; path = POSTFunction.swift; sourceTree = "<group>"; };
		3ED4A11ECED0AED99FA06A65 /* PowerDownFunction.swift */ = {isa = PBXFileReference; fileEncoding = 4; lastKnownFileType = sourcecode.swift; path = PowerDownFunction.swift; sourceTree = "<group>"; };
		3ED4A18CA466E34204180172 /* CallLogsManager.swift */ = {isa = PBXFileReference; fileEncoding = 4; lastKnownFileType = sourcecode.swift; path = CallLogsManager.swift; sourceTree = "<group>"; };
		3ED4A1ACFADAF0AA4FE1C3E1 /* CellularNetworkRoamingFunction.swift */ = {isa = PBXFileReference; fileEncoding = 4; lastKnownFileType = sourcecode.swift; path = CellularNetworkRoamingFunction.swift; sourceTree = "<group>"; };
		3ED4A2000A64969103F06B7E /* WiFIConnectionsFunction.swift */ = {isa = PBXFileReference; fileEncoding = 4; lastKnownFileType = sourcecode.swift; path = WiFIConnectionsFunction.swift; sourceTree = "<group>"; };
		3ED4A2E3AF8603E3A5F10239 /* IPAddressConfiguration.swift */ = {isa = PBXFileReference; fileEncoding = 4; lastKnownFileType = sourcecode.swift; path = IPAddressConfiguration.swift; sourceTree = "<group>"; };
		3ED4A32676F2588078AEB407 /* StringExtenions.swift */ = {isa = PBXFileReference; fileEncoding = 4; lastKnownFileType = sourcecode.swift; path = StringExtenions.swift; sourceTree = "<group>"; };
		3ED4A4F784CFC93DDEB17AAE /* HardwareDiagnosticFunction.swift */ = {isa = PBXFileReference; fileEncoding = 4; lastKnownFileType = sourcecode.swift; path = HardwareDiagnosticFunction.swift; sourceTree = "<group>"; };
		3ED4A64B85EEF223A5F49EDD /* UnreadMessageCountFunction.swift */ = {isa = PBXFileReference; fileEncoding = 4; lastKnownFileType = sourcecode.swift; path = UnreadMessageCountFunction.swift; sourceTree = "<group>"; };
		3ED4A6764E8061A3C3735D75 /* PortForwarding.swift */ = {isa = PBXFileReference; fileEncoding = 4; lastKnownFileType = sourcecode.swift; path = PortForwarding.swift; sourceTree = "<group>"; };
		3ED4A75FB738D728C11E7FA8 /* DMZ.swift */ = {isa = PBXFileReference; fileEncoding = 4; lastKnownFileType = sourcecode.swift; path = DMZ.swift; sourceTree = "<group>"; };
		3ED4AB30B6B34E755BE7BDB6 /* CallStatusFunction.swift */ = {isa = PBXFileReference; fileEncoding = 4; lastKnownFileType = sourcecode.swift; path = CallStatusFunction.swift; sourceTree = "<group>"; };
		3ED4ABEA20710E5255DB9AD0 /* GNSSSettingsFunction.swift */ = {isa = PBXFileReference; fileEncoding = 4; lastKnownFileType = sourcecode.swift; path = GNSSSettingsFunction.swift; sourceTree = "<group>"; };
		3ED4ACA47171D2CA08877E8F /* DateExtensions.swift */ = {isa = PBXFileReference; fileEncoding = 4; lastKnownFileType = sourcecode.swift; path = DateExtensions.swift; sourceTree = "<group>"; };
		3ED4AD2204952550AA61D12D /* Firewall.swift */ = {isa = PBXFileReference; fileEncoding = 4; lastKnownFileType = sourcecode.swift; path = Firewall.swift; sourceTree = "<group>"; };
		3ED4AD78D742E81E601B1D9A /* APICallLogs.swift */ = {isa = PBXFileReference; fileEncoding = 4; lastKnownFileType = sourcecode.swift; path = APICallLogs.swift; sourceTree = "<group>"; };
		3ED4AE4BB6D1B3157E605F07 /* EmergencyNumberFunction.swift */ = {isa = PBXFileReference; fileEncoding = 4; lastKnownFileType = sourcecode.swift; path = EmergencyNumberFunction.swift; sourceTree = "<group>"; };
		3ED4AE8AEF3B30C70B0B502B /* QualityOfService.swift */ = {isa = PBXFileReference; fileEncoding = 4; lastKnownFileType = sourcecode.swift; path = QualityOfService.swift; sourceTree = "<group>"; };
		3ED4AEAA70205158B1F08E36 /* DataUsage.swift */ = {isa = PBXFileReference; fileEncoding = 4; lastKnownFileType = sourcecode.swift; path = DataUsage.swift; sourceTree = "<group>"; };
		3ED4AEDDC6A50008E719F32E /* MissedCallCount.swift */ = {isa = PBXFileReference; fileEncoding = 4; lastKnownFileType = sourcecode.swift; path = MissedCallCount.swift; sourceTree = "<group>"; };
		3ED4AF14DDA9FF45166F5170 /* GNSSLocationInformation.swift */ = {isa = PBXFileReference; fileEncoding = 4; lastKnownFileType = sourcecode.swift; path = GNSSLocationInformation.swift; sourceTree = "<group>"; };
		3ED4AF83F1D3CDD8D14DE40B /* SIMStatusFunction.swift */ = {isa = PBXFileReference; fileEncoding = 4; lastKnownFileType = sourcecode.swift; path = SIMStatusFunction.swift; sourceTree = "<group>"; };
		3ED4AF9642D71A1FE397F206 /* MACAddressFiltering.swift */ = {isa = PBXFileReference; fileEncoding = 4; lastKnownFileType = sourcecode.swift; path = MACAddressFiltering.swift; sourceTree = "<group>"; };
		3ED4AFF83731AB2F16BECF65 /* AudibleAlerts.swift */ = {isa = PBXFileReference; fileEncoding = 4; lastKnownFileType = sourcecode.swift; path = AudibleAlerts.swift; sourceTree = "<group>"; };
		702F55621D800F9700E4643F /* CellularNetworkMode.swift */ = {isa = PBXFileReference; fileEncoding = 4; lastKnownFileType = sourcecode.swift; name = CellularNetworkMode.swift; path = CellularBroadbandData/CellularNetworkMode.swift; sourceTree = "<group>"; };
		707CCA001D422AA6003D8292 /* CioffiAPI.framework */ = {isa = PBXFileReference; lastKnownFileType = wrapper.framework; name = CioffiAPI.framework; path = Carthage/Build/Mac/CioffiAPI.framework; sourceTree = "<group>"; };
		70DB0D281D441C4400EF53E1 /* Fuzi.framework */ = {isa = PBXFileReference; lastKnownFileType = wrapper.framework; name = Fuzi.framework; path = Carthage/Build/Mac/Fuzi.framework; sourceTree = "<group>"; };
/* End PBXFileReference section */

/* Begin PBXFrameworksBuildPhase section */
		12BA40B91D419DC400C0F512 /* Frameworks */ = {
			isa = PBXFrameworksBuildPhase;
			buildActionMask = 2147483647;
			files = (
				707CCA011D422AA6003D8292 /* CioffiAPI.framework in Frameworks */,
				12BA40D61D41A11A00C0F512 /* SwiftyJSON.framework in Frameworks */,
				12BA40D41D41A11A00C0F512 /* CocoaAsyncSocket.framework in Frameworks */,
				121FDFEB1DB5DCFA00DC81E2 /* PromiseKit.framework in Frameworks */,
			);
			runOnlyForDeploymentPostprocessing = 0;
		};
/* End PBXFrameworksBuildPhase section */

/* Begin PBXGroup section */
		120D05411D594965003E9D12 /* BroadbandData */ = {
			isa = PBXGroup;
			children = (
				120D05421D594985003E9D12 /* SatelliteBroadbandData.swift */,
				12061A3D1D81495D002C986D /* BroadbandDataMode.swift */,
			);
			name = BroadbandData;
			sourceTree = "<group>";
		};
		1214A2341D4828BA0090A5BD /* GetVersion */ = {
			isa = PBXGroup;
			children = (
				1214A2371D482CE40090A5BD /* GetVersionFunction.swift */,
			);
			name = GetVersion;
			sourceTree = "<group>";
		};
		1214A23B1D483EE80090A5BD /* SystemAlerts */ = {
			isa = PBXGroup;
			children = (
				1214A23E1D4840910090A5BD /* SystemAlerts.swift */,
			);
			name = SystemAlerts;
			sourceTree = "<group>";
		};
		1214A2401D4844CE0090A5BD /* NetworkMode */ = {
			isa = PBXGroup;
			children = (
				1214A2411D4844EE0090A5BD /* NetworkmodeFunction.swift */,
			);
			name = NetworkMode;
			sourceTree = "<group>";
		};
		1214A2461D4849690090A5BD /* AccessRestricitions */ = {
			isa = PBXGroup;
			children = (
				1214A2471D48499E0090A5BD /* AccessRestricitions.swift */,
				127669921DD3E1780045F8D4 /* AdminRestricitions.swift */,
			);
			name = AccessRestricitions;
			sourceTree = "<group>";
		};
		1214A2491D484E790090A5BD /* NetworkRegistrationStatus */ = {
			isa = PBXGroup;
			children = (
				1214A24A1D484E990090A5BD /* NetworkRegistrationStatus.swift */,
			);
			name = NetworkRegistrationStatus;
			sourceTree = "<group>";
		};
		1214A24C1D48518A0090A5BD /* SignalStength */ = {
			isa = PBXGroup;
			children = (
				1214A24D1D4851A80090A5BD /* SignalStrength.swift */,
			);
			name = SignalStength;
			sourceTree = "<group>";
		};
		1214A2511D4853780090A5BD /* ServiceProvider */ = {
			isa = PBXGroup;
			children = (
				1214A24F1D4853740090A5BD /* ServiceProvider.swift */,
			);
			name = ServiceProvider;
			sourceTree = "<group>";
		};
		1214A2521D4855960090A5BD /* BatteryStatus */ = {
			isa = PBXGroup;
			children = (
				1214A2531D4855AA0090A5BD /* BatteryStatus.swift */,
			);
			name = BatteryStatus;
			sourceTree = "<group>";
		};
		1214A2551D48712A0090A5BD /* ViewControllers */ = {
			isa = PBXGroup;
			children = (
				1214A2671D497DDD0090A5BD /* BatteryStatusViewController.swift */,
				122669641D826A2B00DE9149 /* BroadbandDataModeViewController.swift */,
				12061A381D811978002C986D /* CellularNetworkModeViewController.swift */,
				124A9ED41D5D88DE00E4E964 /* GroupViewController.swift */,
				12061A341D80F35F002C986D /* MainGroupViewController.swift */,
				1214A2651D4978D40090A5BD /* NetworkRegistrationViewController.swift */,
				1214A2581D4871600090A5BD /* NetworkSelectionViewController.swift */,
				1214A25D1D488F970090A5BD /* RestrictedAccessViewController.swift */,
				12061A3A1D81269B002C986D /* SAPAViewContoller.swift */,
				1205ADCD1D59929A00E19449 /* SatelliteBroadbandSettingsViewController.swift */,
				12B064691D4AC96A00637053 /* SatelliteServiceModeViewController.swift */,
				128008321D51C24B00D10017 /* ServerViewController.swift */,
				1214A2691D498BC90090A5BD /* ServiceProviderViewController.swift */,
				1214A2611D49721B0090A5BD /* SignalStrengthViewController.swift */,
				12A2635E1D5D98C70077CF48 /* SplitGroupViewController.swift */,
				1214A2561D4871430090A5BD /* VersionViewController.swift */,
				12AF47181D90C4CD0081DF9A /* WiFiConfigurationViewController.swift */,
			);
			name = ViewControllers;
			sourceTree = "<group>";
		};
		122669631D8266BE00DE9149 /* CellularNetworkMode */ = {
			isa = PBXGroup;
			children = (
				702F55621D800F9700E4643F /* CellularNetworkMode.swift */,
			);
			name = CellularNetworkMode;
			sourceTree = "<group>";
		};
		124405131D78FE13001826EC /* SAPA */ = {
			isa = PBXGroup;
			children = (
				124405141D78FE41001826EC /* SAPAState.swift */,
			);
			name = SAPA;
			sourceTree = "<group>";
		};
		126014A51D92734000F02315 /* SystemTemperature */ = {
			isa = PBXGroup;
			children = (
				126014A61D92737400F02315 /* APISystemTemparture.swift */,
			);
			name = SystemTemperature;
			sourceTree = "<group>";
		};
		12708A721D94F32100717175 /* SMS */ = {
			isa = PBXGroup;
			children = (
				12708A731D94F33200717175 /* APISMS.swift */,
			);
			name = SMS;
			sourceTree = "<group>";
		};
		12AA6C931D9CBE79008C2E5D /* SMSData */ = {
			isa = PBXGroup;
			children = (
				12AA6C941D9CBE79008C2E5D /* Messages.json */,
				12AA6C951D9CBE79008C2E5D /* PhoneNumbers.json */,
			);
			path = SMSData;
			sourceTree = "<group>";
		};
		12AF47151D90C0AE0081DF9A /* WiFiConfiguration */ = {
			isa = PBXGroup;
			children = (
				12AF47161D90C0D50081DF9A /* WifiConfiguration.swift */,
			);
			name = WiFiConfiguration;
			sourceTree = "<group>";
		};
		12B064661D49E9BD00637053 /* SatelliteServiceMode */ = {
			isa = PBXGroup;
			children = (
				12B064671D49E9E500637053 /* SatelliteServiceModeFunction.swift */,
			);
			name = SatelliteServiceMode;
			sourceTree = "<group>";
		};
		12BA40B31D419DC400C0F512 = {
			isa = PBXGroup;
			children = (
				121FDFEA1DB5DCFA00DC81E2 /* PromiseKit.framework */,
				70DB0D281D441C4400EF53E1 /* Fuzi.framework */,
				707CCA001D422AA6003D8292 /* CioffiAPI.framework */,
				12BA40D21D41A11A00C0F512 /* CocoaAsyncSocket.framework */,
				12BA40D31D41A11A00C0F512 /* SwiftyJSON.framework */,
				12BA40BE1D419DC400C0F512 /* CioffiServer */,
				12BA40BD1D419DC400C0F512 /* Products */,
			);
			sourceTree = "<group>";
		};
		12BA40BD1D419DC400C0F512 /* Products */ = {
			isa = PBXGroup;
			children = (
				12BA40BC1D419DC400C0F512 /* CioffiServer.app */,
			);
			name = Products;
			sourceTree = "<group>";
		};
		12BA40BE1D419DC400C0F512 /* CioffiServer */ = {
			isa = PBXGroup;
			children = (
				12BA41271D41D72D00C0F512 /* API */,
				12BA40BF1D419DC400C0F512 /* AppDelegate.swift */,
				12BA40C31D419DC400C0F512 /* Assets.xcassets */,
				1286652D1D500D8B00F8F753 /* CioffiServer-Bridging-Header.h */,
				1214A2391D483D600090A5BD /* DataModel.swift */,
				12BA40C81D419DC400C0F512 /* Info.plist */,
				12BA40C51D419DC400C0F512 /* Main.storyboard */,
				12AA6C911D9CBDBA008C2E5D /* MessageManager.swift */,
				12BA40E51D41C76100C0F512 /* RequestHandlerRegistry.swift */,
				12BA40D01D41A09B00C0F512 /* Server.swift */,
				1214A2321D473EF30090A5BD /* SliderCell.swift */,
				12AA6C931D9CBE79008C2E5D /* SMSData */,
				120795EC1D7F916B000DD9A5 /* Utilities.swift */,
				12BA40C11D419DC400C0F512 /* ViewController.swift */,
				1214A2551D48712A0090A5BD /* ViewControllers */,
				121FDFED1DB5DD1A00DC81E2 /* PromiseSupport.swift */,
				3ED4A18CA466E34204180172 /* CallLogsManager.swift */,
				3ED4AC68D270E652D49683A7 /* extension */,
			);
			path = CioffiServer;
			sourceTree = "<group>";
		};
		12BA41271D41D72D00C0F512 /* API */ = {
			isa = PBXGroup;
			children = (
				1214A2461D4849690090A5BD /* AccessRestricitions */,
				1214A2351D482B340090A5BD /* APIFunction.swift */,
				1214A23C1D483F010090A5BD /* APINotification.swift */,
				1214A2521D4855960090A5BD /* BatteryStatus */,
				120D05411D594965003E9D12 /* BroadbandData */,
				122669631D8266BE00DE9149 /* CellularNetworkMode */,
				1214A2341D4828BA0090A5BD /* GetVersion */,
				1214A2401D4844CE0090A5BD /* NetworkMode */,
				1214A2491D484E790090A5BD /* NetworkRegistrationStatus */,
				12BA40DD1D41AE1D00C0F512 /* ProtocolUtilitiesExtension.swift */,
				124405131D78FE13001826EC /* SAPA */,
				12B064661D49E9BD00637053 /* SatelliteServiceMode */,
				1214A2511D4853780090A5BD /* ServiceProvider */,
				1214A23B1D483EE80090A5BD /* SystemAlerts */,
				1214A24C1D48518A0090A5BD /* SignalStength */,
				12708A721D94F32100717175 /* SMS */,
				126014A51D92734000F02315 /* SystemTemperature */,
				12AF47151D90C0AE0081DF9A /* WiFiConfiguration */,
				3ED4A1A88E9B002236ABC4DF /* CallLogs */,
				3ED4AF88A8737D67B1E40407 /* BadgeCount */,
				3ED4A2DF58A978E15C098808 /* Firewall */,
				3ED4AD2F37D02444AC5B1043 /* IPAddressConfiguration */,
				3ED4A02B48A75A6682EC45AF /* Router */,
				3ED4AE4BB6D1B3157E605F07 /* EmergencyNumberFunction.swift */,
				3ED4A1ACFADAF0AA4FE1C3E1 /* CellularNetworkRoamingFunction.swift */,
				3ED4AB30B6B34E755BE7BDB6 /* CallStatusFunction.swift */,
				3ED4AEAA70205158B1F08E36 /* DataUsage.swift */,
				3ED4AF83F1D3CDD8D14DE40B /* SIMStatusFunction.swift */,
				3ED4ABEA20710E5255DB9AD0 /* GNSSSettingsFunction.swift */,
				3ED4A11ECED0AED99FA06A65 /* PowerDownFunction.swift */,
				3ED4A4F784CFC93DDEB17AAE /* HardwareDiagnosticFunction.swift */,
				3ED4A1006ECA463F18B14944 /* POSTFunction.swift */,
				3ED4A2000A64969103F06B7E /* WiFIConnectionsFunction.swift */,
				3ED4AFF83731AB2F16BECF65 /* AudibleAlerts.swift */,
				3ED4A64B85EEF223A5F49EDD /* UnreadMessageCountFunction.swift */,
				3ED4AF14DDA9FF45166F5170 /* GNSSLocationInformation.swift */,
			);
			name = API;
			sourceTree = "<group>";
		};
		3ED4A02B48A75A6682EC45AF /* Router */ = {
			isa = PBXGroup;
			children = (
				3ED4AE8AEF3B30C70B0B502B /* QualityOfService.swift */,
				3ED4A75FB738D728C11E7FA8 /* DMZ.swift */,
				3ED4A6764E8061A3C3735D75 /* PortForwarding.swift */,
				3ED4AF9642D71A1FE397F206 /* MACAddressFiltering.swift */,
			);
			name = Router;
			sourceTree = "<group>";
		};
		3ED4A1A88E9B002236ABC4DF /* CallLogs */ = {
			isa = PBXGroup;
			children = (
				3ED4AD78D742E81E601B1D9A /* APICallLogs.swift */,
			);
			name = CallLogs;
			sourceTree = "<group>";
		};
		3ED4A2DF58A978E15C098808 /* Firewall */ = {
			isa = PBXGroup;
			children = (
				3ED4AD2204952550AA61D12D /* Firewall.swift */,
			);
			name = Firewall;
			sourceTree = "<group>";
		};
		3ED4AC68D270E652D49683A7 /* extension */ = {
			isa = PBXGroup;
			children = (
				3ED4ACA47171D2CA08877E8F /* DateExtensions.swift */,
				3ED4A32676F2588078AEB407 /* StringExtenions.swift */,
			);
			path = extension;
			sourceTree = "<group>";
		};
		3ED4AD2F37D02444AC5B1043 /* IPAddressConfiguration */ = {
			isa = PBXGroup;
			children = (
				3ED4A2E3AF8603E3A5F10239 /* IPAddressConfiguration.swift */,
			);
			name = IPAddressConfiguration;
			sourceTree = "<group>";
		};
		3ED4AF88A8737D67B1E40407 /* BadgeCount */ = {
			isa = PBXGroup;
			children = (
				3ED4AEDDC6A50008E719F32E /* MissedCallCount.swift */,
			);
			name = BadgeCount;
			sourceTree = "<group>";
		};
/* End PBXGroup section */

/* Begin PBXNativeTarget section */
		12BA40BB1D419DC400C0F512 /* CioffiServer */ = {
			isa = PBXNativeTarget;
			buildConfigurationList = 12BA40CB1D419DC400C0F512 /* Build configuration list for PBXNativeTarget "CioffiServer" */;
			buildPhases = (
				12BA40B81D419DC400C0F512 /* Sources */,
				12BA40B91D419DC400C0F512 /* Frameworks */,
				12BA40BA1D419DC400C0F512 /* Resources */,
				12BA40D81D41A11A00C0F512 /* Embed Frameworks */,
			);
			buildRules = (
			);
			dependencies = (
			);
			name = CioffiServer;
			productName = CioffiServer;
			productReference = 12BA40BC1D419DC400C0F512 /* CioffiServer.app */;
			productType = "com.apple.product-type.application";
		};
/* End PBXNativeTarget section */

/* Begin PBXProject section */
		12BA40B41D419DC400C0F512 /* Project object */ = {
			isa = PBXProject;
			attributes = {
				LastSwiftUpdateCheck = 0800;
				LastUpgradeCheck = 0810;
				ORGANIZATIONNAME = "Beam Communications";
				TargetAttributes = {
					12BA40BB1D419DC400C0F512 = {
						CreatedOnToolsVersion = 8.0;
						DevelopmentTeam = YWXH886EY3;
						DevelopmentTeamName = "BEAM COMMUNICATIONS PTY LTD";
						LastSwiftMigration = 0800;
						ProvisioningStyle = Automatic;
					};
				};
			};
			buildConfigurationList = 12BA40B71D419DC400C0F512 /* Build configuration list for PBXProject "CioffiServer" */;
			compatibilityVersion = "Xcode 3.2";
			developmentRegion = English;
			hasScannedForEncodings = 0;
			knownRegions = (
				en,
				Base,
			);
			mainGroup = 12BA40B31D419DC400C0F512;
			productRefGroup = 12BA40BD1D419DC400C0F512 /* Products */;
			projectDirPath = "";
			projectRoot = "";
			targets = (
				12BA40BB1D419DC400C0F512 /* CioffiServer */,
			);
		};
/* End PBXProject section */

/* Begin PBXResourcesBuildPhase section */
		12BA40BA1D419DC400C0F512 /* Resources */ = {
			isa = PBXResourcesBuildPhase;
			buildActionMask = 2147483647;
			files = (
				12AA6C961D9CBE79008C2E5D /* Messages.json in Resources */,
				12BA40C41D419DC400C0F512 /* Assets.xcassets in Resources */,
				12BA40C71D419DC400C0F512 /* Main.storyboard in Resources */,
				12AA6C971D9CBE79008C2E5D /* PhoneNumbers.json in Resources */,
			);
			runOnlyForDeploymentPostprocessing = 0;
		};
/* End PBXResourcesBuildPhase section */

/* Begin PBXSourcesBuildPhase section */
		12BA40B81D419DC400C0F512 /* Sources */ = {
			isa = PBXSourcesBuildPhase;
			buildActionMask = 2147483647;
			files = (
				124405151D78FE41001826EC /* SAPAState.swift in Sources */,
				12BA40C21D419DC400C0F512 /* ViewController.swift in Sources */,
				1214A26A1D498BC90090A5BD /* ServiceProviderViewController.swift in Sources */,
				1214A25F1D488F970090A5BD /* RestrictedAccessViewController.swift in Sources */,
				1214A2631D49721B0090A5BD /* SignalStrengthViewController.swift in Sources */,
				122669651D826A2B00DE9149 /* BroadbandDataModeViewController.swift in Sources */,
				1214A2421D4844EE0090A5BD /* NetworkmodeFunction.swift in Sources */,
				1214A23D1D483F010090A5BD /* APINotification.swift in Sources */,
				1214A23F1D4840910090A5BD /* SystemAlerts.swift in Sources */,
				12061A3E1D81495D002C986D /* BroadbandDataMode.swift in Sources */,
				12BA40D11D41A09B00C0F512 /* Server.swift in Sources */,
				1214A2361D482B340090A5BD /* APIFunction.swift in Sources */,
				127669931DD3E1780045F8D4 /* AdminRestricitions.swift in Sources */,
				121FDFEE1DB5DD1A00DC81E2 /* PromiseSupport.swift in Sources */,
				12708A741D94F33200717175 /* APISMS.swift in Sources */,
				128008331D51C24B00D10017 /* ServerViewController.swift in Sources */,
				1214A2661D4978D40090A5BD /* NetworkRegistrationViewController.swift in Sources */,
				1214A2481D48499E0090A5BD /* AccessRestricitions.swift in Sources */,
				12061A361D80F35F002C986D /* MainGroupViewController.swift in Sources */,
				12BA40C01D419DC400C0F512 /* AppDelegate.swift in Sources */,
				1214A2681D497DDD0090A5BD /* BatteryStatusViewController.swift in Sources */,
				702F55631D800F9700E4643F /* CellularNetworkMode.swift in Sources */,
				12061A3B1D81269B002C986D /* SAPAViewContoller.swift in Sources */,
				12AF471A1D90C4CD0081DF9A /* WiFiConfigurationViewController.swift in Sources */,
				1214A2541D4855AA0090A5BD /* BatteryStatus.swift in Sources */,
				12061A391D811978002C986D /* CellularNetworkModeViewController.swift in Sources */,
				12BA40E61D41C76100C0F512 /* RequestHandlerRegistry.swift in Sources */,
				12B0646A1D4AC96A00637053 /* SatelliteServiceModeViewController.swift in Sources */,
				1205ADCE1D59929A00E19449 /* SatelliteBroadbandSettingsViewController.swift in Sources */,
				12AF47171D90C0D50081DF9A /* WifiConfiguration.swift in Sources */,
				120D05431D594985003E9D12 /* SatelliteBroadbandData.swift in Sources */,
				1214A24E1D4851A80090A5BD /* SignalStrength.swift in Sources */,
				1214A24B1D484E990090A5BD /* NetworkRegistrationStatus.swift in Sources */,
				1214A2331D473EF30090A5BD /* SliderCell.swift in Sources */,
				12A2635F1D5D98C70077CF48 /* SplitGroupViewController.swift in Sources */,
				120795ED1D7F916B000DD9A5 /* Utilities.swift in Sources */,
				1214A25A1D4871600090A5BD /* NetworkSelectionViewController.swift in Sources */,
				1214A2501D4853740090A5BD /* ServiceProvider.swift in Sources */,
				124A9ED61D5D88DE00E4E964 /* GroupViewController.swift in Sources */,
				12B064681D49E9E500637053 /* SatelliteServiceModeFunction.swift in Sources */,
				12BA40DE1D41AE1D00C0F512 /* ProtocolUtilitiesExtension.swift in Sources */,
				1214A2571D4871430090A5BD /* VersionViewController.swift in Sources */,
				1214A2381D482CE40090A5BD /* GetVersionFunction.swift in Sources */,
				126014A71D92737400F02315 /* APISystemTemparture.swift in Sources */,
				1214A23A1D483D600090A5BD /* DataModel.swift in Sources */,
				12AA6C921D9CBDBA008C2E5D /* MessageManager.swift in Sources */,
				3ED4A9F015BDDDE9021F8A84 /* APICallLogs.swift in Sources */,
				3ED4A084B38F7F59449FF462 /* CallLogsManager.swift in Sources */,
				3ED4AE700756F5A9075DED30 /* DateExtensions.swift in Sources */,
				3ED4A95CA765FCC8C8397843 /* MissedCallCount.swift in Sources */,
				3ED4A7B3E25D30B9EF87B838 /* Firewall.swift in Sources */,
				3ED4A0F12B40997328AA5A4B /* IPAddressConfiguration.swift in Sources */,
				3ED4AEBDB87C4CE086984006 /* QualityOfService.swift in Sources */,
				3ED4ADF1697115C11B91BF49 /* DMZ.swift in Sources */,
				3ED4AE00D841163E75CC8B20 /* PortForwarding.swift in Sources */,
				3ED4A5ED4C6E4CBD42B3039F /* MACAddressFiltering.swift in Sources */,
				3ED4A6C0739DC5406C149082 /* EmergencyNumberFunction.swift in Sources */,
				3ED4A4F41A60FFD3E3A4BAE8 /* CellularNetworkRoamingFunction.swift in Sources */,
				3ED4AE8C04BD6F30DA9FCE08 /* CallStatusFunction.swift in Sources */,
				3ED4AD3E7A76D99DCAA55A9D /* DataUsage.swift in Sources */,
				3ED4A32C34FEAD8647DFF3E7 /* SIMStatusFunction.swift in Sources */,
				3ED4AE1755F7EF666DBAF34B /* GNSSSettingsFunction.swift in Sources */,
				3ED4A7D490104E13A7CA8063 /* PowerDownFunction.swift in Sources */,
				3ED4A23ABB3091033DE74DEE /* HardwareDiagnosticFunction.swift in Sources */,
				3ED4AEE13B94B7B2D7E8B39B /* POSTFunction.swift in Sources */,
				3ED4A544E354E98E2463DEFC /* WiFIConnectionsFunction.swift in Sources */,
				3ED4ABE8102CD6F8F721DD15 /* AudibleAlerts.swift in Sources */,
				3ED4A71F135CE77547BF7327 /* UnreadMessageCountFunction.swift in Sources */,
				3ED4A7F5FE9AF5BF6309B30E /* GNSSLocationInformation.swift in Sources */,
				3ED4A5EF6AA9ACA684F24D3B /* StringExtenions.swift in Sources */,
			);
			runOnlyForDeploymentPostprocessing = 0;
		};
/* End PBXSourcesBuildPhase section */

/* Begin PBXVariantGroup section */
		12BA40C51D419DC400C0F512 /* Main.storyboard */ = {
			isa = PBXVariantGroup;
			children = (
				12BA40C61D419DC400C0F512 /* Base */,
			);
			name = Main.storyboard;
			sourceTree = "<group>";
		};
/* End PBXVariantGroup section */

/* Begin XCBuildConfiguration section */
		12BA40C91D419DC400C0F512 /* Debug */ = {
			isa = XCBuildConfiguration;
			buildSettings = {
				ALWAYS_SEARCH_USER_PATHS = NO;
				CLANG_ANALYZER_NONNULL = YES;
				CLANG_CXX_LANGUAGE_STANDARD = "gnu++0x";
				CLANG_CXX_LIBRARY = "libc++";
				CLANG_ENABLE_MODULES = YES;
				CLANG_ENABLE_OBJC_ARC = YES;
				CLANG_WARN_BOOL_CONVERSION = YES;
				CLANG_WARN_CONSTANT_CONVERSION = YES;
				CLANG_WARN_DIRECT_OBJC_ISA_USAGE = YES_ERROR;
				CLANG_WARN_DOCUMENTATION_COMMENTS = YES;
				CLANG_WARN_EMPTY_BODY = YES;
				CLANG_WARN_ENUM_CONVERSION = YES;
				CLANG_WARN_INFINITE_RECURSION = YES;
				CLANG_WARN_INT_CONVERSION = YES;
				CLANG_WARN_OBJC_ROOT_CLASS = YES_ERROR;
				CLANG_WARN_SUSPICIOUS_MOVE = YES;
				CLANG_WARN_UNREACHABLE_CODE = YES;
				CLANG_WARN__DUPLICATE_METHOD_MATCH = YES;
				CODE_SIGN_IDENTITY = "-";
				COPY_PHASE_STRIP = NO;
				DEBUG_INFORMATION_FORMAT = dwarf;
				ENABLE_STRICT_OBJC_MSGSEND = YES;
				ENABLE_TESTABILITY = YES;
				GCC_C_LANGUAGE_STANDARD = gnu99;
				GCC_DYNAMIC_NO_PIC = NO;
				GCC_NO_COMMON_BLOCKS = YES;
				GCC_OPTIMIZATION_LEVEL = 0;
				GCC_PREPROCESSOR_DEFINITIONS = (
					"DEBUG=1",
					"$(inherited)",
				);
				GCC_WARN_64_TO_32_BIT_CONVERSION = YES;
				GCC_WARN_ABOUT_RETURN_TYPE = YES_ERROR;
				GCC_WARN_UNDECLARED_SELECTOR = YES;
				GCC_WARN_UNINITIALIZED_AUTOS = YES_AGGRESSIVE;
				GCC_WARN_UNUSED_FUNCTION = YES;
				GCC_WARN_UNUSED_VARIABLE = YES;
				MACOSX_DEPLOYMENT_TARGET = 10.11;
				MTL_ENABLE_DEBUG_INFO = YES;
				ONLY_ACTIVE_ARCH = YES;
				SDKROOT = macosx;
				SWIFT_ACTIVE_COMPILATION_CONDITIONS = DEBUG;
				SWIFT_OPTIMIZATION_LEVEL = "-Onone";
			};
			name = Debug;
		};
		12BA40CA1D419DC400C0F512 /* Release */ = {
			isa = XCBuildConfiguration;
			buildSettings = {
				ALWAYS_SEARCH_USER_PATHS = NO;
				CLANG_ANALYZER_NONNULL = YES;
				CLANG_CXX_LANGUAGE_STANDARD = "gnu++0x";
				CLANG_CXX_LIBRARY = "libc++";
				CLANG_ENABLE_MODULES = YES;
				CLANG_ENABLE_OBJC_ARC = YES;
				CLANG_WARN_BOOL_CONVERSION = YES;
				CLANG_WARN_CONSTANT_CONVERSION = YES;
				CLANG_WARN_DIRECT_OBJC_ISA_USAGE = YES_ERROR;
				CLANG_WARN_DOCUMENTATION_COMMENTS = YES;
				CLANG_WARN_EMPTY_BODY = YES;
				CLANG_WARN_ENUM_CONVERSION = YES;
				CLANG_WARN_INFINITE_RECURSION = YES;
				CLANG_WARN_INT_CONVERSION = YES;
				CLANG_WARN_OBJC_ROOT_CLASS = YES_ERROR;
				CLANG_WARN_SUSPICIOUS_MOVE = YES;
				CLANG_WARN_UNREACHABLE_CODE = YES;
				CLANG_WARN__DUPLICATE_METHOD_MATCH = YES;
				CODE_SIGN_IDENTITY = "-";
				COPY_PHASE_STRIP = NO;
				DEBUG_INFORMATION_FORMAT = "dwarf-with-dsym";
				ENABLE_NS_ASSERTIONS = NO;
				ENABLE_STRICT_OBJC_MSGSEND = YES;
				GCC_C_LANGUAGE_STANDARD = gnu99;
				GCC_NO_COMMON_BLOCKS = YES;
				GCC_WARN_64_TO_32_BIT_CONVERSION = YES;
				GCC_WARN_ABOUT_RETURN_TYPE = YES_ERROR;
				GCC_WARN_UNDECLARED_SELECTOR = YES;
				GCC_WARN_UNINITIALIZED_AUTOS = YES_AGGRESSIVE;
				GCC_WARN_UNUSED_FUNCTION = YES;
				GCC_WARN_UNUSED_VARIABLE = YES;
				MACOSX_DEPLOYMENT_TARGET = 10.11;
				MTL_ENABLE_DEBUG_INFO = NO;
				SDKROOT = macosx;
				SWIFT_OPTIMIZATION_LEVEL = "-Owholemodule";
			};
			name = Release;
		};
		12BA40CC1D419DC400C0F512 /* Debug */ = {
			isa = XCBuildConfiguration;
			buildSettings = {
				ASSETCATALOG_COMPILER_APPICON_NAME = AppIcon;
				CLANG_ENABLE_MODULES = YES;
				CODE_SIGN_IDENTITY = "Mac Developer";
				COMBINE_HIDPI_IMAGES = YES;
				DEVELOPMENT_TEAM = "";
				FRAMEWORK_SEARCH_PATHS = (
					"$(inherited)",
					"$(PROJECT_DIR)/Carthage/Build/Mac",
				);
				HEADER_SEARCH_PATHS = "$(SDKROOT)/usr/include/libxml2";
				INFOPLIST_FILE = CioffiServer/Info.plist;
				LD_RUNPATH_SEARCH_PATHS = "$(inherited) @executable_path/../Frameworks";
				PRODUCT_BUNDLE_IDENTIFIER = com.beamcommunications.CioffiServer;
				PRODUCT_NAME = "$(TARGET_NAME)";
				PROVISIONING_PROFILE = "";
				PROVISIONING_PROFILE_SPECIFIER = "";
				SWIFT_OBJC_BRIDGING_HEADER = "CioffiServer/CioffiServer-Bridging-Header.h";
				SWIFT_OPTIMIZATION_LEVEL = "-Onone";
				SWIFT_VERSION = 3.0;
			};
			name = Debug;
		};
		12BA40CD1D419DC400C0F512 /* Release */ = {
			isa = XCBuildConfiguration;
			buildSettings = {
				ASSETCATALOG_COMPILER_APPICON_NAME = AppIcon;
				CLANG_ENABLE_MODULES = YES;
				CODE_SIGN_IDENTITY = "Mac Developer";
				COMBINE_HIDPI_IMAGES = YES;
				DEVELOPMENT_TEAM = "";
				FRAMEWORK_SEARCH_PATHS = (
					"$(inherited)",
					"$(PROJECT_DIR)/Carthage/Build/Mac",
				);
				HEADER_SEARCH_PATHS = "$(SDKROOT)/usr/include/libxml2";
				INFOPLIST_FILE = CioffiServer/Info.plist;
				LD_RUNPATH_SEARCH_PATHS = "$(inherited) @executable_path/../Frameworks";
				PRODUCT_BUNDLE_IDENTIFIER = com.beamcommunications.CioffiServer;
				PRODUCT_NAME = "$(TARGET_NAME)";
				PROVISIONING_PROFILE = "";
				PROVISIONING_PROFILE_SPECIFIER = "";
				SWIFT_OBJC_BRIDGING_HEADER = "CioffiServer/CioffiServer-Bridging-Header.h";
				SWIFT_OPTIMIZATION_LEVEL = "-Onone";
				SWIFT_VERSION = 3.0;
			};
			name = Release;
		};
/* End XCBuildConfiguration section */

/* Begin XCConfigurationList section */
		12BA40B71D419DC400C0F512 /* Build configuration list for PBXProject "CioffiServer" */ = {
			isa = XCConfigurationList;
			buildConfigurations = (
				12BA40C91D419DC400C0F512 /* Debug */,
				12BA40CA1D419DC400C0F512 /* Release */,
			);
			defaultConfigurationIsVisible = 0;
			defaultConfigurationName = Release;
		};
		12BA40CB1D419DC400C0F512 /* Build configuration list for PBXNativeTarget "CioffiServer" */ = {
			isa = XCConfigurationList;
			buildConfigurations = (
				12BA40CC1D419DC400C0F512 /* Debug */,
				12BA40CD1D419DC400C0F512 /* Release */,
			);
			defaultConfigurationIsVisible = 0;
			defaultConfigurationName = Release;
		};
/* End XCConfigurationList section */
	};
	rootObject = 12BA40B41D419DC400C0F512 /* Project object */;
}
