// !$*UTF8*$!
{
	archiveVersion = 1;
	classes = {
	};
	objectVersion = 46;
	objects = {

/* Begin PBXBuildFile section */
		7024ECB31D420CEC000BB8D7 /* CioffiAPI.framework in Frameworks */ = {isa = PBXBuildFile; fileRef = 7024ECA91D420CEC000BB8D7 /* CioffiAPI.framework */; };
		7024ECB81D420CEC000BB8D7 /* CioffiAPITests.swift in Sources */ = {isa = PBXBuildFile; fileRef = 7024ECB71D420CEC000BB8D7 /* CioffiAPITests.swift */; };
		7024ECBA1D420CEC000BB8D7 /* CioffiAPI.h in Headers */ = {isa = PBXBuildFile; fileRef = 7024ECAC1D420CEC000BB8D7 /* CioffiAPI.h */; settings = {ATTRIBUTES = (Public, ); }; };
		7024ECC61D420D10000BB8D7 /* ProtocolUtilities.swift in Sources */ = {isa = PBXBuildFile; fileRef = 7024ECC31D420D10000BB8D7 /* ProtocolUtilities.swift */; };
		7024ECC71D420D10000BB8D7 /* RequestUtilities.swift in Sources */ = {isa = PBXBuildFile; fileRef = 7024ECC41D420D10000BB8D7 /* RequestUtilities.swift */; };
		7024ECC81D420D10000BB8D7 /* ResponseUtilities.swift in Sources */ = {isa = PBXBuildFile; fileRef = 7024ECC51D420D10000BB8D7 /* ResponseUtilities.swift */; };
		7024ECCA1D420D1C000BB8D7 /* DictionaryOperators.swift in Sources */ = {isa = PBXBuildFile; fileRef = 7024ECC91D420D1C000BB8D7 /* DictionaryOperators.swift */; };
		7024ECCC1D420D22000BB8D7 /* LogService.swift in Sources */ = {isa = PBXBuildFile; fileRef = 7024ECCB1D420D22000BB8D7 /* LogService.swift */; };
		7024ECD01D42245A000BB8D7 /* CocoaAsyncSocket.framework in Frameworks */ = {isa = PBXBuildFile; fileRef = 7024ECCE1D42245A000BB8D7 /* CocoaAsyncSocket.framework */; };
		7024ECD11D42245A000BB8D7 /* SwiftyJSON.framework in Frameworks */ = {isa = PBXBuildFile; fileRef = 7024ECCF1D42245A000BB8D7 /* SwiftyJSON.framework */; };
		707CC9FF1D422991003D8292 /* Responder.swift in Sources */ = {isa = PBXBuildFile; fileRef = 707CC9FE1D422991003D8292 /* Responder.swift */; };
/* End PBXBuildFile section */

/* Begin PBXContainerItemProxy section */
		7024ECB41D420CEC000BB8D7 /* PBXContainerItemProxy */ = {
			isa = PBXContainerItemProxy;
			containerPortal = 7024ECA01D420CEC000BB8D7 /* Project object */;
			proxyType = 1;
			remoteGlobalIDString = 7024ECA81D420CEC000BB8D7;
			remoteInfo = CioffiAPI;
		};
/* End PBXContainerItemProxy section */

/* Begin PBXFileReference section */
		7024ECA91D420CEC000BB8D7 /* CioffiAPI.framework */ = {isa = PBXFileReference; explicitFileType = wrapper.framework; includeInIndex = 0; path = CioffiAPI.framework; sourceTree = BUILT_PRODUCTS_DIR; };
		7024ECAC1D420CEC000BB8D7 /* CioffiAPI.h */ = {isa = PBXFileReference; lastKnownFileType = sourcecode.c.h; path = CioffiAPI.h; sourceTree = "<group>"; };
		7024ECAD1D420CEC000BB8D7 /* Info.plist */ = {isa = PBXFileReference; lastKnownFileType = text.plist.xml; path = Info.plist; sourceTree = "<group>"; };
		7024ECB21D420CEC000BB8D7 /* CioffiAPITests.xctest */ = {isa = PBXFileReference; explicitFileType = wrapper.cfbundle; includeInIndex = 0; path = CioffiAPITests.xctest; sourceTree = BUILT_PRODUCTS_DIR; };
		7024ECB71D420CEC000BB8D7 /* CioffiAPITests.swift */ = {isa = PBXFileReference; lastKnownFileType = sourcecode.swift; path = CioffiAPITests.swift; sourceTree = "<group>"; };
		7024ECB91D420CEC000BB8D7 /* Info.plist */ = {isa = PBXFileReference; lastKnownFileType = text.plist.xml; path = Info.plist; sourceTree = "<group>"; };
		7024ECC31D420D10000BB8D7 /* ProtocolUtilities.swift */ = {isa = PBXFileReference; fileEncoding = 4; lastKnownFileType = sourcecode.swift; path = ProtocolUtilities.swift; sourceTree = "<group>"; };
		7024ECC41D420D10000BB8D7 /* RequestUtilities.swift */ = {isa = PBXFileReference; fileEncoding = 4; lastKnownFileType = sourcecode.swift; path = RequestUtilities.swift; sourceTree = "<group>"; };
		7024ECC51D420D10000BB8D7 /* ResponseUtilities.swift */ = {isa = PBXFileReference; fileEncoding = 4; lastKnownFileType = sourcecode.swift; path = ResponseUtilities.swift; sourceTree = "<group>"; };
		7024ECC91D420D1C000BB8D7 /* DictionaryOperators.swift */ = {isa = PBXFileReference; fileEncoding = 4; lastKnownFileType = sourcecode.swift; path = DictionaryOperators.swift; sourceTree = "<group>"; };
		7024ECCB1D420D22000BB8D7 /* LogService.swift */ = {isa = PBXFileReference; fileEncoding = 4; lastKnownFileType = sourcecode.swift; path = LogService.swift; sourceTree = "<group>"; };
		7024ECCE1D42245A000BB8D7 /* CocoaAsyncSocket.framework */ = {isa = PBXFileReference; lastKnownFileType = wrapper.framework; name = CocoaAsyncSocket.framework; path = Carthage/Build/Mac/CocoaAsyncSocket.framework; sourceTree = "<group>"; };
		7024ECCF1D42245A000BB8D7 /* SwiftyJSON.framework */ = {isa = PBXFileReference; lastKnownFileType = wrapper.framework; name = SwiftyJSON.framework; path = Carthage/Build/Mac/SwiftyJSON.framework; sourceTree = "<group>"; };
		707CC9FE1D422991003D8292 /* Responder.swift */ = {isa = PBXFileReference; fileEncoding = 4; lastKnownFileType = sourcecode.swift; path = Responder.swift; sourceTree = "<group>"; };
/* End PBXFileReference section */

/* Begin PBXFrameworksBuildPhase section */
		7024ECA51D420CEC000BB8D7 /* Frameworks */ = {
			isa = PBXFrameworksBuildPhase;
			buildActionMask = 2147483647;
			files = (
				7024ECD01D42245A000BB8D7 /* CocoaAsyncSocket.framework in Frameworks */,
				7024ECD11D42245A000BB8D7 /* SwiftyJSON.framework in Frameworks */,
			);
			runOnlyForDeploymentPostprocessing = 0;
		};
		7024ECAF1D420CEC000BB8D7 /* Frameworks */ = {
			isa = PBXFrameworksBuildPhase;
			buildActionMask = 2147483647;
			files = (
				7024ECB31D420CEC000BB8D7 /* CioffiAPI.framework in Frameworks */,
			);
			runOnlyForDeploymentPostprocessing = 0;
		};
/* End PBXFrameworksBuildPhase section */

/* Begin PBXGroup section */
		7024EC9F1D420CEC000BB8D7 = {
			isa = PBXGroup;
			children = (
				7024ECAB1D420CEC000BB8D7 /* CioffiAPI */,
				7024ECB61D420CEC000BB8D7 /* CioffiAPITests */,
				7024ECAA1D420CEC000BB8D7 /* Products */,
				7024ECCD1D42245A000BB8D7 /* Frameworks */,
			);
			sourceTree = "<group>";
		};
		7024ECAA1D420CEC000BB8D7 /* Products */ = {
			isa = PBXGroup;
			children = (
				7024ECA91D420CEC000BB8D7 /* CioffiAPI.framework */,
				7024ECB21D420CEC000BB8D7 /* CioffiAPITests.xctest */,
			);
			name = Products;
			sourceTree = "<group>";
		};
		7024ECAB1D420CEC000BB8D7 /* CioffiAPI */ = {
			isa = PBXGroup;
			children = (
				7024ECAC1D420CEC000BB8D7 /* CioffiAPI.h */,
				7024ECC91D420D1C000BB8D7 /* DictionaryOperators.swift */,
				7024ECAD1D420CEC000BB8D7 /* Info.plist */,
				7024ECCB1D420D22000BB8D7 /* LogService.swift */,
				7024ECC31D420D10000BB8D7 /* ProtocolUtilities.swift */,
				7024ECC41D420D10000BB8D7 /* RequestUtilities.swift */,
				707CC9FE1D422991003D8292 /* Responder.swift */,
				7024ECC51D420D10000BB8D7 /* ResponseUtilities.swift */,
			);
			path = CioffiAPI;
			sourceTree = "<group>";
		};
		7024ECB61D420CEC000BB8D7 /* CioffiAPITests */ = {
			isa = PBXGroup;
			children = (
				7024ECB71D420CEC000BB8D7 /* CioffiAPITests.swift */,
				7024ECB91D420CEC000BB8D7 /* Info.plist */,
			);
			path = CioffiAPITests;
			sourceTree = "<group>";
		};
		7024ECCD1D42245A000BB8D7 /* Frameworks */ = {
			isa = PBXGroup;
			children = (
				7024ECCE1D42245A000BB8D7 /* CocoaAsyncSocket.framework */,
				7024ECCF1D42245A000BB8D7 /* SwiftyJSON.framework */,
			);
			name = Frameworks;
			sourceTree = "<group>";
		};
/* End PBXGroup section */

/* Begin PBXHeadersBuildPhase section */
		7024ECA61D420CEC000BB8D7 /* Headers */ = {
			isa = PBXHeadersBuildPhase;
			buildActionMask = 2147483647;
			files = (
				7024ECBA1D420CEC000BB8D7 /* CioffiAPI.h in Headers */,
			);
			runOnlyForDeploymentPostprocessing = 0;
		};
/* End PBXHeadersBuildPhase section */

/* Begin PBXNativeTarget section */
		7024ECA81D420CEC000BB8D7 /* CioffiAPI */ = {
			isa = PBXNativeTarget;
			buildConfigurationList = 7024ECBD1D420CEC000BB8D7 /* Build configuration list for PBXNativeTarget "CioffiAPI" */;
			buildPhases = (
				7024ECA41D420CEC000BB8D7 /* Sources */,
				7024ECA51D420CEC000BB8D7 /* Frameworks */,
				7024ECA61D420CEC000BB8D7 /* Headers */,
				7024ECA71D420CEC000BB8D7 /* Resources */,
			);
			buildRules = (
			);
			dependencies = (
			);
			name = CioffiAPI;
			productName = CioffiAPI;
			productReference = 7024ECA91D420CEC000BB8D7 /* CioffiAPI.framework */;
			productType = "com.apple.product-type.framework";
		};
		7024ECB11D420CEC000BB8D7 /* CioffiAPITests */ = {
			isa = PBXNativeTarget;
			buildConfigurationList = 7024ECC01D420CEC000BB8D7 /* Build configuration list for PBXNativeTarget "CioffiAPITests" */;
			buildPhases = (
				7024ECAE1D420CEC000BB8D7 /* Sources */,
				7024ECAF1D420CEC000BB8D7 /* Frameworks */,
				7024ECB01D420CEC000BB8D7 /* Resources */,
			);
			buildRules = (
			);
			dependencies = (
				7024ECB51D420CEC000BB8D7 /* PBXTargetDependency */,
			);
			name = CioffiAPITests;
			productName = CioffiAPITests;
			productReference = 7024ECB21D420CEC000BB8D7 /* CioffiAPITests.xctest */;
			productType = "com.apple.product-type.bundle.unit-test";
		};
/* End PBXNativeTarget section */

/* Begin PBXProject section */
		7024ECA01D420CEC000BB8D7 /* Project object */ = {
			isa = PBXProject;
			attributes = {
				LastSwiftUpdateCheck = 0800;
				LastUpgradeCheck = 0800;
				ORGANIZATIONNAME = KaiZen;
				TargetAttributes = {
					7024ECA81D420CEC000BB8D7 = {
						CreatedOnToolsVersion = 8.0;
						DevelopmentTeam = YWXH886EY3;
						DevelopmentTeamName = "Shane Whitehead";
						LastSwiftMigration = 0800;
						ProvisioningStyle = Automatic;
					};
					7024ECB11D420CEC000BB8D7 = {
						CreatedOnToolsVersion = 8.0;
						DevelopmentTeam = YWXH886EY3;
						DevelopmentTeamName = "Shane Whitehead";
						ProvisioningStyle = Automatic;
					};
				};
			};
			buildConfigurationList = 7024ECA31D420CEC000BB8D7 /* Build configuration list for PBXProject "CioffiAPI" */;
			compatibilityVersion = "Xcode 3.2";
			developmentRegion = English;
			hasScannedForEncodings = 0;
			knownRegions = (
				en,
			);
			mainGroup = 7024EC9F1D420CEC000BB8D7;
			productRefGroup = 7024ECAA1D420CEC000BB8D7 /* Products */;
			projectDirPath = "";
			projectRoot = "";
			targets = (
				7024ECA81D420CEC000BB8D7 /* CioffiAPI */,
				7024ECB11D420CEC000BB8D7 /* CioffiAPITests */,
			);
		};
/* End PBXProject section */

/* Begin PBXResourcesBuildPhase section */
		7024ECA71D420CEC000BB8D7 /* Resources */ = {
			isa = PBXResourcesBuildPhase;
			buildActionMask = 2147483647;
			files = (
			);
			runOnlyForDeploymentPostprocessing = 0;
		};
		7024ECB01D420CEC000BB8D7 /* Resources */ = {
			isa = PBXResourcesBuildPhase;
			buildActionMask = 2147483647;
			files = (
			);
			runOnlyForDeploymentPostprocessing = 0;
		};
/* End PBXResourcesBuildPhase section */

/* Begin PBXSourcesBuildPhase section */
		7024ECA41D420CEC000BB8D7 /* Sources */ = {
			isa = PBXSourcesBuildPhase;
			buildActionMask = 2147483647;
			files = (
				7024ECCC1D420D22000BB8D7 /* LogService.swift in Sources */,
				7024ECC71D420D10000BB8D7 /* RequestUtilities.swift in Sources */,
				707CC9FF1D422991003D8292 /* Responder.swift in Sources */,
				7024ECCA1D420D1C000BB8D7 /* DictionaryOperators.swift in Sources */,
				7024ECC81D420D10000BB8D7 /* ResponseUtilities.swift in Sources */,
				7024ECC61D420D10000BB8D7 /* ProtocolUtilities.swift in Sources */,
			);
			runOnlyForDeploymentPostprocessing = 0;
		};
		7024ECAE1D420CEC000BB8D7 /* Sources */ = {
			isa = PBXSourcesBuildPhase;
			buildActionMask = 2147483647;
			files = (
				7024ECB81D420CEC000BB8D7 /* CioffiAPITests.swift in Sources */,
			);
			runOnlyForDeploymentPostprocessing = 0;
		};
/* End PBXSourcesBuildPhase section */

/* Begin PBXTargetDependency section */
		7024ECB51D420CEC000BB8D7 /* PBXTargetDependency */ = {
			isa = PBXTargetDependency;
			target = 7024ECA81D420CEC000BB8D7 /* CioffiAPI */;
			targetProxy = 7024ECB41D420CEC000BB8D7 /* PBXContainerItemProxy */;
		};
/* End PBXTargetDependency section */

/* Begin XCBuildConfiguration section */
		7024ECBB1D420CEC000BB8D7 /* Debug */ = {
			isa = XCBuildConfiguration;
			buildSettings = {
				ALWAYS_SEARCH_USER_PATHS = NO;
				CLANG_ANALYZER_NONNULL = YES;
				CLANG_CXX_LANGUAGE_STANDARD = "gnu++0x";
				CLANG_CXX_LIBRARY = "libc++";
				CLANG_ENABLE_MODULES = YES;
				CLANG_ENABLE_OBJC_ARC = YES;
				CLANG_WARN_BOOL_CONVERSION = YES;
				CLANG_WARN_CONSTANT_CONVERSION = YES;
				CLANG_WARN_DIRECT_OBJC_ISA_USAGE = YES_ERROR;
				CLANG_WARN_DOCUMENTATION_COMMENTS = YES;
				CLANG_WARN_EMPTY_BODY = YES;
				CLANG_WARN_ENUM_CONVERSION = YES;
				CLANG_WARN_INT_CONVERSION = YES;
				CLANG_WARN_OBJC_ROOT_CLASS = YES_ERROR;
				CLANG_WARN_UNREACHABLE_CODE = YES;
				CLANG_WARN__DUPLICATE_METHOD_MATCH = YES;
				CODE_SIGN_IDENTITY = "-";
				COPY_PHASE_STRIP = NO;
				CURRENT_PROJECT_VERSION = 1;
				DEBUG_INFORMATION_FORMAT = dwarf;
				ENABLE_STRICT_OBJC_MSGSEND = YES;
				ENABLE_TESTABILITY = YES;
				GCC_C_LANGUAGE_STANDARD = gnu99;
				GCC_DYNAMIC_NO_PIC = NO;
				GCC_NO_COMMON_BLOCKS = YES;
				GCC_OPTIMIZATION_LEVEL = 0;
				GCC_PREPROCESSOR_DEFINITIONS = (
					"DEBUG=1",
					"$(inherited)",
				);
				GCC_WARN_64_TO_32_BIT_CONVERSION = YES;
				GCC_WARN_ABOUT_RETURN_TYPE = YES_ERROR;
				GCC_WARN_UNDECLARED_SELECTOR = YES;
				GCC_WARN_UNINITIALIZED_AUTOS = YES_AGGRESSIVE;
				GCC_WARN_UNUSED_FUNCTION = YES;
				GCC_WARN_UNUSED_VARIABLE = YES;
				MACOSX_DEPLOYMENT_TARGET = 10.12;
				MTL_ENABLE_DEBUG_INFO = YES;
				ONLY_ACTIVE_ARCH = YES;
				SDKROOT = macosx;
				SWIFT_ACTIVE_COMPILATION_CONDITIONS = DEBUG;
				SWIFT_OPTIMIZATION_LEVEL = "-Onone";
				VERSIONING_SYSTEM = "apple-generic";
				VERSION_INFO_PREFIX = "";
			};
			name = Debug;
		};
		7024ECBC1D420CEC000BB8D7 /* Release */ = {
			isa = XCBuildConfiguration;
			buildSettings = {
				ALWAYS_SEARCH_USER_PATHS = NO;
				CLANG_ANALYZER_NONNULL = YES;
				CLANG_CXX_LANGUAGE_STANDARD = "gnu++0x";
				CLANG_CXX_LIBRARY = "libc++";
				CLANG_ENABLE_MODULES = YES;
				CLANG_ENABLE_OBJC_ARC = YES;
				CLANG_WARN_BOOL_CONVERSION = YES;
				CLANG_WARN_CONSTANT_CONVERSION = YES;
				CLANG_WARN_DIRECT_OBJC_ISA_USAGE = YES_ERROR;
				CLANG_WARN_DOCUMENTATION_COMMENTS = YES;
				CLANG_WARN_EMPTY_BODY = YES;
				CLANG_WARN_ENUM_CONVERSION = YES;
				CLANG_WARN_INT_CONVERSION = YES;
				CLANG_WARN_OBJC_ROOT_CLASS = YES_ERROR;
				CLANG_WARN_UNREACHABLE_CODE = YES;
				CLANG_WARN__DUPLICATE_METHOD_MATCH = YES;
				CODE_SIGN_IDENTITY = "-";
				COPY_PHASE_STRIP = NO;
				CURRENT_PROJECT_VERSION = 1;
				DEBUG_INFORMATION_FORMAT = "dwarf-with-dsym";
				ENABLE_NS_ASSERTIONS = NO;
				ENABLE_STRICT_OBJC_MSGSEND = YES;
				GCC_C_LANGUAGE_STANDARD = gnu99;
				GCC_NO_COMMON_BLOCKS = YES;
				GCC_WARN_64_TO_32_BIT_CONVERSION = YES;
				GCC_WARN_ABOUT_RETURN_TYPE = YES_ERROR;
				GCC_WARN_UNDECLARED_SELECTOR = YES;
				GCC_WARN_UNINITIALIZED_AUTOS = YES_AGGRESSIVE;
				GCC_WARN_UNUSED_FUNCTION = YES;
				GCC_WARN_UNUSED_VARIABLE = YES;
				MACOSX_DEPLOYMENT_TARGET = 10.12;
				MTL_ENABLE_DEBUG_INFO = NO;
				SDKROOT = macosx;
				SWIFT_OPTIMIZATION_LEVEL = "-Owholemodule";
				VERSIONING_SYSTEM = "apple-generic";
				VERSION_INFO_PREFIX = "";
			};
			name = Release;
		};
		7024ECBE1D420CEC000BB8D7 /* Debug */ = {
			isa = XCBuildConfiguration;
			buildSettings = {
				CLANG_ENABLE_MODULES = YES;
				COMBINE_HIDPI_IMAGES = YES;
				DEFINES_MODULE = YES;
				DYLIB_COMPATIBILITY_VERSION = 1;
				DYLIB_CURRENT_VERSION = 1;
				DYLIB_INSTALL_NAME_BASE = "@rpath";
				FRAMEWORK_SEARCH_PATHS = (
					"$(inherited)",
					"$(PROJECT_DIR)/Carthage/Build/Mac",
				);
				FRAMEWORK_VERSION = A;
				INFOPLIST_FILE = CioffiAPI/Info.plist;
				INSTALL_PATH = "$(LOCAL_LIBRARY_DIR)/Frameworks";
				LD_RUNPATH_SEARCH_PATHS = "$(inherited) @executable_path/../Frameworks @loader_path/Frameworks";
				MACOSX_DEPLOYMENT_TARGET = 10.11;
				PRODUCT_BUNDLE_IDENTIFIER = org.kaizen.CioffiAPI;
				PRODUCT_NAME = "$(TARGET_NAME)";
				SKIP_INSTALL = YES;
				SWIFT_OPTIMIZATION_LEVEL = "-Onone";
				SWIFT_VERSION = 3.0;
			};
			name = Debug;
		};
		7024ECBF1D420CEC000BB8D7 /* Release */ = {
			isa = XCBuildConfiguration;
			buildSettings = {
				CLANG_ENABLE_MODULES = YES;
				COMBINE_HIDPI_IMAGES = YES;
				DEFINES_MODULE = YES;
				DYLIB_COMPATIBILITY_VERSION = 1;
				DYLIB_CURRENT_VERSION = 1;
				DYLIB_INSTALL_NAME_BASE = "@rpath";
				FRAMEWORK_SEARCH_PATHS = (
					"$(inherited)",
					"$(PROJECT_DIR)/Carthage/Build/Mac",
				);
				FRAMEWORK_VERSION = A;
				INFOPLIST_FILE = CioffiAPI/Info.plist;
				INSTALL_PATH = "$(LOCAL_LIBRARY_DIR)/Frameworks";
				LD_RUNPATH_SEARCH_PATHS = "$(inherited) @executable_path/../Frameworks @loader_path/Frameworks";
				MACOSX_DEPLOYMENT_TARGET = 10.11;
				PRODUCT_BUNDLE_IDENTIFIER = org.kaizen.CioffiAPI;
				PRODUCT_NAME = "$(TARGET_NAME)";
				SKIP_INSTALL = YES;
				SWIFT_VERSION = 3.0;
			};
			name = Release;
		};
		7024ECC11D420CEC000BB8D7 /* Debug */ = {
			isa = XCBuildConfiguration;
			buildSettings = {
				COMBINE_HIDPI_IMAGES = YES;
				INFOPLIST_FILE = CioffiAPITests/Info.plist;
				LD_RUNPATH_SEARCH_PATHS = "$(inherited) @executable_path/../Frameworks @loader_path/../Frameworks";
				PRODUCT_BUNDLE_IDENTIFIER = org.kaizen.CioffiAPITests;
				PRODUCT_NAME = "$(TARGET_NAME)";
				SWIFT_VERSION = 3.0;
			};
			name = Debug;
		};
		7024ECC21D420CEC000BB8D7 /* Release */ = {
			isa = XCBuildConfiguration;
			buildSettings = {
				COMBINE_HIDPI_IMAGES = YES;
				INFOPLIST_FILE = CioffiAPITests/Info.plist;
				LD_RUNPATH_SEARCH_PATHS = "$(inherited) @executable_path/../Frameworks @loader_path/../Frameworks";
				PRODUCT_BUNDLE_IDENTIFIER = org.kaizen.CioffiAPITests;
				PRODUCT_NAME = "$(TARGET_NAME)";
				SWIFT_VERSION = 3.0;
			};
			name = Release;
		};
/* End XCBuildConfiguration section */

/* Begin XCConfigurationList section */
		7024ECA31D420CEC000BB8D7 /* Build configuration list for PBXProject "CioffiAPI" */ = {
			isa = XCConfigurationList;
			buildConfigurations = (
				7024ECBB1D420CEC000BB8D7 /* Debug */,
				7024ECBC1D420CEC000BB8D7 /* Release */,
			);
			defaultConfigurationIsVisible = 0;
			defaultConfigurationName = Release;
		};
		7024ECBD1D420CEC000BB8D7 /* Build configuration list for PBXNativeTarget "CioffiAPI" */ = {
			isa = XCConfigurationList;
			buildConfigurations = (
				7024ECBE1D420CEC000BB8D7 /* Debug */,
				7024ECBF1D420CEC000BB8D7 /* Release */,
			);
			defaultConfigurationIsVisible = 0;
			defaultConfigurationName = Release;
		};
		7024ECC01D420CEC000BB8D7 /* Build configuration list for PBXNativeTarget "CioffiAPITests" */ = {
			isa = XCConfigurationList;
			buildConfigurations = (
				7024ECC11D420CEC000BB8D7 /* Debug */,
				7024ECC21D420CEC000BB8D7 /* Release */,
			);
			defaultConfigurationIsVisible = 0;
			defaultConfigurationName = Release;
		};
/* End XCConfigurationList section */
	};
	rootObject = 7024ECA01D420CEC000BB8D7 /* Project object */;
}
